
Microsoft Visual Studio Solution File, Format Version 12.00
# Visual Studio Version 16
VisualStudioVersion = 16.0.31829.152
MinimumVisualStudioVersion = 10.0.40219.1
Project("{FAE04EC0-301F-11D3-BF4B-00C04F79EFBC}") = "NumericalNeuralNetwork", "NumericalNeuralNetwork\NumericalNeuralNetwork.csproj", "{91CA5C93-DEDD-42DA-BEF1-0C5B9340B1FF}"
EndProject
Global
	GlobalSection(SolutionConfigurationPlatforms) = preSolution
		Debug|Any CPU = Debug|Any CPU
		Release|Any CPU = Release|Any CPU
	EndGlobalSection
	GlobalSection(ProjectConfigurationPlatforms) = postSolution
		{91CA5C93-DEDD-42DA-BEF1-0C5B9340B1FF}.Debug|Any CPU.ActiveCfg = Debug|Any CPU
		{91CA5C93-DEDD-42DA-BEF1-0C5B9340B1FF}.Debug|Any CPU.Build.0 = Debug|Any CPU
		{91CA5C93-DEDD-42DA-BEF1-0C5B9340B1FF}.Release|Any CPU.ActiveCfg = Release|Any CPU
		{91CA5C93-DEDD-42DA-BEF1-0C5B9340B1FF}.Release|Any CPU.Build.0 = Release|Any CPU
	EndGlobalSection
	GlobalSection(SolutionProperties) = preSolution
		HideSolutionNode = FALSE
	EndGlobalSection
	GlobalSection(ExtensibilityGlobals) = postSolution
		SolutionGuid = {30985769-441E-42F0-80FD-851745C684D2}
	EndGlobalSection
EndGlobal
